<Solution>
  <Folder Name="/Solution Files/">
    <File Path="../README.md" />
    <File Path="Directory.Build.props" />
    <File Path="Directory.Packages.props" />
  </Folder>
  <Project Path="ManagedDoom.Tests/ManagedDoom.Tests.csproj" />
  <Project Path="ManagedDoom/ManagedDoom.csproj" />
</Solution>
